<Solution>
  <Folder Name="/Solution Items/">
    <File Path="../changelog.md" />
    <File Path="../LICENSE" />
    <File Path="../README.md" />
    <File Path=".editorconfig" />
    <File Path="Directory.Build.props" />
    <File Path="Directory.Packages.props" />
  </Folder>
  <Project Path="Tachyon.Analysis.Tests/Tachyon.Analysis.Tests.csproj" />
  <Project Path="Tachyon.Analysis/Tachyon.Analysis.csproj" />
</Solution>
